
Microsoft Visual Studio Solution File, Format Version 12.00
# Visual Studio 14
VisualStudioVersion = 14.0.24720.0
MinimumVisualStudioVersion = 10.0.40219.1
Project("{FAE04EC0-301F-11D3-BF4B-00C04F79EFBC}") = "Domojee", "Domojee\Domojee.csproj", "{A53E8C96-A374-4E03-AC17-F6630B20664B}"
EndProject
Project("{FAE04EC0-301F-11D3-BF4B-00C04F79EFBC}") = "BackgroundTask", "BackgroundTask\BackgroundTask.csproj", "{29533661-8763-4FB0-BA45-02BB9AA065BB}"
EndProject
Project("{FAE04EC0-301F-11D3-BF4B-00C04F79EFBC}") = "VoiceCommandService", "VoiceCommandService\VoiceCommandService.csproj", "{EBB54E8B-54D9-4338-A0D8-310C332E51ED}"
EndProject
Global
	GlobalSection(SolutionConfigurationPlatforms) = preSolution
		Debug|Any CPU = Debug|Any CPU
		Debug|ARM = Debug|ARM
		Debug|x64 = Debug|x64
		Debug|x86 = Debug|x86
		Release|Any CPU = Release|Any CPU
		Release|ARM = Release|ARM
		Release|x64 = Release|x64
		Release|x86 = Release|x86
	EndGlobalSection
	GlobalSection(ProjectConfigurationPlatforms) = postSolution
		{A53E8C96-A374-4E03-AC17-F6630B20664B}.Debug|Any CPU.ActiveCfg = Debug|x86
		{A53E8C96-A374-4E03-AC17-F6630B20664B}.Debug|ARM.ActiveCfg = Debug|ARM
		{A53E8C96-A374-4E03-AC17-F6630B20664B}.Debug|ARM.Build.0 = Debug|ARM
		{A53E8C96-A374-4E03-AC17-F6630B20664B}.Debug|ARM.Deploy.0 = Debug|ARM
		{A53E8C96-A374-4E03-AC17-F6630B20664B}.Debug|x64.ActiveCfg = Debug|x64
		{A53E8C96-A374-4E03-AC17-F6630B20664B}.Debug|x64.Build.0 = Debug|x64
		{A53E8C96-A374-4E03-AC17-F6630B20664B}.Debug|x64.Deploy.0 = Debug|x64
		{A53E8C96-A374-4E03-AC17-F6630B20664B}.Debug|x86.ActiveCfg = Debug|x86
		{A53E8C96-A374-4E03-AC17-F6630B20664B}.Debug|x86.Build.0 = Debug|x86
		{A53E8C96-A374-4E03-AC17-F6630B20664B}.Debug|x86.Deploy.0 = Debug|x86
		{A53E8C96-A374-4E03-AC17-F6630B20664B}.Release|Any CPU.ActiveCfg = Release|x86
		{A53E8C96-A374-4E03-AC17-F6630B20664B}.Release|ARM.ActiveCfg = Release|ARM
		{A53E8C96-A374-4E03-AC17-F6630B20664B}.Release|ARM.Build.0 = Release|ARM
		{A53E8C96-A374-4E03-AC17-F6630B20664B}.Release|ARM.Deploy.0 = Release|ARM
		{A53E8C96-A374-4E03-AC17-F6630B20664B}.Release|x64.ActiveCfg = Release|x64
		{A53E8C96-A374-4E03-AC17-F6630B20664B}.Release|x64.Build.0 = Release|x64
		{A53E8C96-A374-4E03-AC17-F6630B20664B}.Release|x64.Deploy.0 = Release|x64
		{A53E8C96-A374-4E03-AC17-F6630B20664B}.Release|x86.ActiveCfg = Release|x86
		{A53E8C96-A374-4E03-AC17-F6630B20664B}.Release|x86.Build.0 = Release|x86
		{A53E8C96-A374-4E03-AC17-F6630B20664B}.Release|x86.Deploy.0 = Release|x86
		{29533661-8763-4FB0-BA45-02BB9AA065BB}.Debug|Any CPU.ActiveCfg = Debug|Any CPU
		{29533661-8763-4FB0-BA45-02BB9AA065BB}.Debug|Any CPU.Build.0 = Debug|Any CPU
		{29533661-8763-4FB0-BA45-02BB9AA065BB}.Debug|ARM.ActiveCfg = Debug|ARM
		{29533661-8763-4FB0-BA45-02BB9AA065BB}.Debug|ARM.Build.0 = Debug|ARM
		{29533661-8763-4FB0-BA45-02BB9AA065BB}.Debug|x64.ActiveCfg = Debug|x64
		{29533661-8763-4FB0-BA45-02BB9AA065BB}.Debug|x64.Build.0 = Debug|x64
		{29533661-8763-4FB0-BA45-02BB9AA065BB}.Debug|x86.ActiveCfg = Debug|x86
		{29533661-8763-4FB0-BA45-02BB9AA065BB}.Debug|x86.Build.0 = Debug|x86
		{29533661-8763-4FB0-BA45-02BB9AA065BB}.Release|Any CPU.ActiveCfg = Release|Any CPU
		{29533661-8763-4FB0-BA45-02BB9AA065BB}.Release|Any CPU.Build.0 = Release|Any CPU
		{29533661-8763-4FB0-BA45-02BB9AA065BB}.Release|ARM.ActiveCfg = Release|ARM
		{29533661-8763-4FB0-BA45-02BB9AA065BB}.Release|ARM.Build.0 = Release|ARM
		{29533661-8763-4FB0-BA45-02BB9AA065BB}.Release|x64.ActiveCfg = Release|x64
		{29533661-8763-4FB0-BA45-02BB9AA065BB}.Release|x64.Build.0 = Release|x64
		{29533661-8763-4FB0-BA45-02BB9AA065BB}.Release|x86.ActiveCfg = Release|x86
		{29533661-8763-4FB0-BA45-02BB9AA065BB}.Release|x86.Build.0 = Release|x86
		{EBB54E8B-54D9-4338-A0D8-310C332E51ED}.Debug|Any CPU.ActiveCfg = Debug|Any CPU
		{EBB54E8B-54D9-4338-A0D8-310C332E51ED}.Debug|Any CPU.Build.0 = Debug|Any CPU
		{EBB54E8B-54D9-4338-A0D8-310C332E51ED}.Debug|ARM.ActiveCfg = Debug|ARM
		{EBB54E8B-54D9-4338-A0D8-310C332E51ED}.Debug|ARM.Build.0 = Debug|ARM
		{EBB54E8B-54D9-4338-A0D8-310C332E51ED}.Debug|x64.ActiveCfg = Debug|x64
		{EBB54E8B-54D9-4338-A0D8-310C332E51ED}.Debug|x64.Build.0 = Debug|x64
		{EBB54E8B-54D9-4338-A0D8-310C332E51ED}.Debug|x86.ActiveCfg = Debug|x86
		{EBB54E8B-54D9-4338-A0D8-310C332E51ED}.Debug|x86.Build.0 = Debug|x86
		{EBB54E8B-54D9-4338-A0D8-310C332E51ED}.Release|Any CPU.ActiveCfg = Release|Any CPU
		{EBB54E8B-54D9-4338-A0D8-310C332E51ED}.Release|Any CPU.Build.0 = Release|Any CPU
		{EBB54E8B-54D9-4338-A0D8-310C332E51ED}.Release|ARM.ActiveCfg = Release|ARM
		{EBB54E8B-54D9-4338-A0D8-310C332E51ED}.Release|ARM.Build.0 = Release|ARM
		{EBB54E8B-54D9-4338-A0D8-310C332E51ED}.Release|x64.ActiveCfg = Release|x64
		{EBB54E8B-54D9-4338-A0D8-310C332E51ED}.Release|x64.Build.0 = Release|x64
		{EBB54E8B-54D9-4338-A0D8-310C332E51ED}.Release|x86.ActiveCfg = Release|x86
		{EBB54E8B-54D9-4338-A0D8-310C332E51ED}.Release|x86.Build.0 = Release|x86
	EndGlobalSection
	GlobalSection(SolutionProperties) = preSolution
		HideSolutionNode = FALSE
	EndGlobalSection
EndGlobal
