
Microsoft Visual Studio Solution File, Format Version 12.00
# Visual Studio 14
VisualStudioVersion = 14.0.24720.0
MinimumVisualStudioVersion = 10.0.40219.1
Project("{FAE04EC0-301F-11D3-BF4B-00C04F79EFBC}") = "Domojee", "Domojee\Domojee.csproj", "{A53E8C96-A374-4E03-AC17-F6630B20664B}"
EndProject
Project("{FAE04EC0-301F-11D3-BF4B-00C04F79EFBC}") = "VoiceCommandService", "VoiceCommandService\VoiceCommandService.csproj", "{73B9215A-97B9-41F6-9405-F67A0D1523F7}"
EndProject
Project("{FAE04EC0-301F-11D3-BF4B-00C04F79EFBC}") = "Notification", "Notification\Notification.csproj", "{9C1C6A34-D674-4D90-A30F-CD91AF5BC020}"
EndProject
Project("{FAE04EC0-301F-11D3-BF4B-00C04F79EFBC}") = "Localisation", "Localisation\Localisation.csproj", "{00265C6D-B82B-4047-B6A6-FA0D3AB515CE}"
EndProject
Project("{FAE04EC0-301F-11D3-BF4B-00C04F79EFBC}") = "Jeedom", "BackgroundWorker\Jeedom.csproj", "{E1987124-2D93-4CB4-9767-39EE26575802}"
EndProject
Global
	GlobalSection(SolutionConfigurationPlatforms) = preSolution
		Debug|Any CPU = Debug|Any CPU
		Debug|ARM = Debug|ARM
		Debug|x64 = Debug|x64
		Debug|x86 = Debug|x86
		Release|Any CPU = Release|Any CPU
		Release|ARM = Release|ARM
		Release|x64 = Release|x64
		Release|x86 = Release|x86
	EndGlobalSection
	GlobalSection(ProjectConfigurationPlatforms) = postSolution
		{A53E8C96-A374-4E03-AC17-F6630B20664B}.Debug|Any CPU.ActiveCfg = Debug|x86
		{A53E8C96-A374-4E03-AC17-F6630B20664B}.Debug|ARM.ActiveCfg = Debug|ARM
		{A53E8C96-A374-4E03-AC17-F6630B20664B}.Debug|ARM.Build.0 = Debug|ARM
		{A53E8C96-A374-4E03-AC17-F6630B20664B}.Debug|ARM.Deploy.0 = Debug|ARM
		{A53E8C96-A374-4E03-AC17-F6630B20664B}.Debug|x64.ActiveCfg = Debug|x64
		{A53E8C96-A374-4E03-AC17-F6630B20664B}.Debug|x64.Build.0 = Debug|x64
		{A53E8C96-A374-4E03-AC17-F6630B20664B}.Debug|x64.Deploy.0 = Debug|x64
		{A53E8C96-A374-4E03-AC17-F6630B20664B}.Debug|x86.ActiveCfg = Debug|x86
		{A53E8C96-A374-4E03-AC17-F6630B20664B}.Debug|x86.Build.0 = Debug|x86
		{A53E8C96-A374-4E03-AC17-F6630B20664B}.Debug|x86.Deploy.0 = Debug|x86
		{A53E8C96-A374-4E03-AC17-F6630B20664B}.Release|Any CPU.ActiveCfg = Release|x86
		{A53E8C96-A374-4E03-AC17-F6630B20664B}.Release|ARM.ActiveCfg = Release|ARM
		{A53E8C96-A374-4E03-AC17-F6630B20664B}.Release|ARM.Build.0 = Release|ARM
		{A53E8C96-A374-4E03-AC17-F6630B20664B}.Release|ARM.Deploy.0 = Release|ARM
		{A53E8C96-A374-4E03-AC17-F6630B20664B}.Release|x64.ActiveCfg = Release|x64
		{A53E8C96-A374-4E03-AC17-F6630B20664B}.Release|x64.Build.0 = Release|x64
		{A53E8C96-A374-4E03-AC17-F6630B20664B}.Release|x64.Deploy.0 = Release|x64
		{A53E8C96-A374-4E03-AC17-F6630B20664B}.Release|x86.ActiveCfg = Release|x86
		{A53E8C96-A374-4E03-AC17-F6630B20664B}.Release|x86.Build.0 = Release|x86
		{A53E8C96-A374-4E03-AC17-F6630B20664B}.Release|x86.Deploy.0 = Release|x86
		{73B9215A-97B9-41F6-9405-F67A0D1523F7}.Debug|Any CPU.ActiveCfg = Debug|Any CPU
		{73B9215A-97B9-41F6-9405-F67A0D1523F7}.Debug|Any CPU.Build.0 = Debug|Any CPU
		{73B9215A-97B9-41F6-9405-F67A0D1523F7}.Debug|ARM.ActiveCfg = Debug|ARM
		{73B9215A-97B9-41F6-9405-F67A0D1523F7}.Debug|ARM.Build.0 = Debug|ARM
		{73B9215A-97B9-41F6-9405-F67A0D1523F7}.Debug|x64.ActiveCfg = Debug|x64
		{73B9215A-97B9-41F6-9405-F67A0D1523F7}.Debug|x64.Build.0 = Debug|x64
		{73B9215A-97B9-41F6-9405-F67A0D1523F7}.Debug|x86.ActiveCfg = Debug|x86
		{73B9215A-97B9-41F6-9405-F67A0D1523F7}.Debug|x86.Build.0 = Debug|x86
		{73B9215A-97B9-41F6-9405-F67A0D1523F7}.Release|Any CPU.ActiveCfg = Release|Any CPU
		{73B9215A-97B9-41F6-9405-F67A0D1523F7}.Release|Any CPU.Build.0 = Release|Any CPU
		{73B9215A-97B9-41F6-9405-F67A0D1523F7}.Release|ARM.ActiveCfg = Release|ARM
		{73B9215A-97B9-41F6-9405-F67A0D1523F7}.Release|ARM.Build.0 = Release|ARM
		{73B9215A-97B9-41F6-9405-F67A0D1523F7}.Release|x64.ActiveCfg = Release|x64
		{73B9215A-97B9-41F6-9405-F67A0D1523F7}.Release|x64.Build.0 = Release|x64
		{73B9215A-97B9-41F6-9405-F67A0D1523F7}.Release|x86.ActiveCfg = Release|x86
		{73B9215A-97B9-41F6-9405-F67A0D1523F7}.Release|x86.Build.0 = Release|x86
		{9C1C6A34-D674-4D90-A30F-CD91AF5BC020}.Debug|Any CPU.ActiveCfg = Debug|Any CPU
		{9C1C6A34-D674-4D90-A30F-CD91AF5BC020}.Debug|Any CPU.Build.0 = Debug|Any CPU
		{9C1C6A34-D674-4D90-A30F-CD91AF5BC020}.Debug|ARM.ActiveCfg = Debug|ARM
		{9C1C6A34-D674-4D90-A30F-CD91AF5BC020}.Debug|ARM.Build.0 = Debug|ARM
		{9C1C6A34-D674-4D90-A30F-CD91AF5BC020}.Debug|x64.ActiveCfg = Debug|x64
		{9C1C6A34-D674-4D90-A30F-CD91AF5BC020}.Debug|x64.Build.0 = Debug|x64
		{9C1C6A34-D674-4D90-A30F-CD91AF5BC020}.Debug|x86.ActiveCfg = Debug|x86
		{9C1C6A34-D674-4D90-A30F-CD91AF5BC020}.Debug|x86.Build.0 = Debug|x86
		{9C1C6A34-D674-4D90-A30F-CD91AF5BC020}.Release|Any CPU.ActiveCfg = Release|Any CPU
		{9C1C6A34-D674-4D90-A30F-CD91AF5BC020}.Release|Any CPU.Build.0 = Release|Any CPU
		{9C1C6A34-D674-4D90-A30F-CD91AF5BC020}.Release|ARM.ActiveCfg = Release|ARM
		{9C1C6A34-D674-4D90-A30F-CD91AF5BC020}.Release|ARM.Build.0 = Release|ARM
		{9C1C6A34-D674-4D90-A30F-CD91AF5BC020}.Release|x64.ActiveCfg = Release|x64
		{9C1C6A34-D674-4D90-A30F-CD91AF5BC020}.Release|x64.Build.0 = Release|x64
		{9C1C6A34-D674-4D90-A30F-CD91AF5BC020}.Release|x86.ActiveCfg = Release|x86
		{9C1C6A34-D674-4D90-A30F-CD91AF5BC020}.Release|x86.Build.0 = Release|x86
		{00265C6D-B82B-4047-B6A6-FA0D3AB515CE}.Debug|Any CPU.ActiveCfg = Debug|Any CPU
		{00265C6D-B82B-4047-B6A6-FA0D3AB515CE}.Debug|Any CPU.Build.0 = Debug|Any CPU
		{00265C6D-B82B-4047-B6A6-FA0D3AB515CE}.Debug|ARM.ActiveCfg = Debug|ARM
		{00265C6D-B82B-4047-B6A6-FA0D3AB515CE}.Debug|ARM.Build.0 = Debug|ARM
		{00265C6D-B82B-4047-B6A6-FA0D3AB515CE}.Debug|x64.ActiveCfg = Debug|x64
		{00265C6D-B82B-4047-B6A6-FA0D3AB515CE}.Debug|x64.Build.0 = Debug|x64
		{00265C6D-B82B-4047-B6A6-FA0D3AB515CE}.Debug|x86.ActiveCfg = Debug|x86
		{00265C6D-B82B-4047-B6A6-FA0D3AB515CE}.Debug|x86.Build.0 = Debug|x86
		{00265C6D-B82B-4047-B6A6-FA0D3AB515CE}.Release|Any CPU.ActiveCfg = Release|Any CPU
		{00265C6D-B82B-4047-B6A6-FA0D3AB515CE}.Release|Any CPU.Build.0 = Release|Any CPU
		{00265C6D-B82B-4047-B6A6-FA0D3AB515CE}.Release|ARM.ActiveCfg = Release|ARM
		{00265C6D-B82B-4047-B6A6-FA0D3AB515CE}.Release|ARM.Build.0 = Release|ARM
		{00265C6D-B82B-4047-B6A6-FA0D3AB515CE}.Release|x64.ActiveCfg = Release|x64
		{00265C6D-B82B-4047-B6A6-FA0D3AB515CE}.Release|x64.Build.0 = Release|x64
		{00265C6D-B82B-4047-B6A6-FA0D3AB515CE}.Release|x86.ActiveCfg = Release|x86
		{00265C6D-B82B-4047-B6A6-FA0D3AB515CE}.Release|x86.Build.0 = Release|x86
		{E1987124-2D93-4CB4-9767-39EE26575802}.Debug|Any CPU.ActiveCfg = Debug|Any CPU
		{E1987124-2D93-4CB4-9767-39EE26575802}.Debug|Any CPU.Build.0 = Debug|Any CPU
		{E1987124-2D93-4CB4-9767-39EE26575802}.Debug|ARM.ActiveCfg = Debug|ARM
		{E1987124-2D93-4CB4-9767-39EE26575802}.Debug|ARM.Build.0 = Debug|ARM
		{E1987124-2D93-4CB4-9767-39EE26575802}.Debug|x64.ActiveCfg = Debug|x64
		{E1987124-2D93-4CB4-9767-39EE26575802}.Debug|x64.Build.0 = Debug|x64
		{E1987124-2D93-4CB4-9767-39EE26575802}.Debug|x86.ActiveCfg = Debug|x86
		{E1987124-2D93-4CB4-9767-39EE26575802}.Debug|x86.Build.0 = Debug|x86
		{E1987124-2D93-4CB4-9767-39EE26575802}.Release|Any CPU.ActiveCfg = Release|Any CPU
		{E1987124-2D93-4CB4-9767-39EE26575802}.Release|Any CPU.Build.0 = Release|Any CPU
		{E1987124-2D93-4CB4-9767-39EE26575802}.Release|ARM.ActiveCfg = Release|ARM
		{E1987124-2D93-4CB4-9767-39EE26575802}.Release|ARM.Build.0 = Release|ARM
		{E1987124-2D93-4CB4-9767-39EE26575802}.Release|x64.ActiveCfg = Release|x64
		{E1987124-2D93-4CB4-9767-39EE26575802}.Release|x64.Build.0 = Release|x64
		{E1987124-2D93-4CB4-9767-39EE26575802}.Release|x86.ActiveCfg = Release|x86
		{E1987124-2D93-4CB4-9767-39EE26575802}.Release|x86.Build.0 = Release|x86
	EndGlobalSection
	GlobalSection(SolutionProperties) = preSolution
		HideSolutionNode = FALSE
	EndGlobalSection
EndGlobal
